// !$*UTF8*$!
{
	archiveVersion = 1;
	classes = {
	};
	objectVersion = 56;
	objects = {

/* Begin PBXBuildFile section */
		AD6BA9972957FF4000415270 /* Timer_testApp.swift in Sources */ = {isa = PBXBuildFile; fileRef = AD6BA9962957FF4000415270 /* Timer_testApp.swift */; };
		AD6BA9992957FF4000415270 /* ContentView.swift in Sources */ = {isa = PBXBuildFile; fileRef = AD6BA9982957FF4000415270 /* ContentView.swift */; };
		AD6BA99B2957FF4000415270 /* Assets.xcassets in Resources */ = {isa = PBXBuildFile; fileRef = AD6BA99A2957FF4000415270 /* Assets.xcassets */; };
		AD6BA99E2957FF4000415270 /* Preview Assets.xcassets in Resources */ = {isa = PBXBuildFile; fileRef = AD6BA99D2957FF4000415270 /* Preview Assets.xcassets */; };
		AD6BA9A82957FF4000415270 /* Timer_testTests.swift in Sources */ = {isa = PBXBuildFile; fileRef = AD6BA9A72957FF4000415270 /* Timer_testTests.swift */; };
		AD6BA9B22957FF4000415270 /* Timer_testUITests.swift in Sources */ = {isa = PBXBuildFile; fileRef = AD6BA9B12957FF4000415270 /* Timer_testUITests.swift */; };
		AD6BA9B42957FF4000415270 /* Timer_testUITestsLaunchTests.swift in Sources */ = {isa = PBXBuildFile; fileRef = AD6BA9B32957FF4000415270 /* Timer_testUITestsLaunchTests.swift */; };
/* End PBXBuildFile section */

/* Begin PBXContainerItemProxy section */
		AD6BA9A42957FF4000415270 /* PBXContainerItemProxy */ = {
			isa = PBXContainerItemProxy;
			containerPortal = AD6BA98B2957FF4000415270 /* Project object */;
			proxyType = 1;
			remoteGlobalIDString = AD6BA9922957FF4000415270;
			remoteInfo = Timer_test;
		};
		AD6BA9AE2957FF4000415270 /* PBXContainerItemProxy */ = {
			isa = PBXContainerItemProxy;
			containerPortal = AD6BA98B2957FF4000415270 /* Project object */;
			proxyType = 1;
			remoteGlobalIDString = AD6BA9922957FF4000415270;
			remoteInfo = Timer_test;
		};
/* End PBXContainerItemProxy section */

/* Begin PBXFileReference section */
		AD6BA9932957FF4000415270 /* Timer_test.app */ = {isa = PBXFileReference; explicitFileType = wrapper.application; includeInIndex = 0; path = Timer_test.app; sourceTree = BUILT_PRODUCTS_DIR; };
		AD6BA9962957FF4000415270 /* Timer_testApp.swift */ = {isa = PBXFileReference; lastKnownFileType = sourcecode.swift; path = Timer_testApp.swift; sourceTree = "<group>"; };
		AD6BA9982957FF4000415270 /* ContentView.swift */ = {isa = PBXFileReference; lastKnownFileType = sourcecode.swift; path = ContentView.swift; sourceTree = "<group>"; };
		AD6BA99A2957FF4000415270 /* Assets.xcassets */ = {isa = PBXFileReference; lastKnownFileType = folder.assetcatalog; path = Assets.xcassets; sourceTree = "<group>"; };
		AD6BA99D2957FF4000415270 /* Preview Assets.xcassets */ = {isa = PBXFileReference; lastKnownFileType = folder.assetcatalog; path = "Preview Assets.xcassets"; sourceTree = "<group>"; };
		AD6BA9A32957FF4000415270 /* Timer_testTests.xctest */ = {isa = PBXFileReference; explicitFileType = wrapper.cfbundle; includeInIndex = 0; path = Timer_testTests.xctest; sourceTree = BUILT_PRODUCTS_DIR; };
		AD6BA9A72957FF4000415270 /* Timer_testTests.swift */ = {isa = PBXFileReference; lastKnownFileType = sourcecode.swift; path = Timer_testTests.swift; sourceTree = "<group>"; };
		AD6BA9AD2957FF4000415270 /* Timer_testUITests.xctest */ = {isa = PBXFileReference; explicitFileType = wrapper.cfbundle; includeInIndex = 0; path = Timer_testUITests.xctest; sourceTree = BUILT_PRODUCTS_DIR; };
		AD6BA9B12957FF4000415270 /* Timer_testUITests.swift */ = {isa = PBXFileReference; lastKnownFileType = sourcecode.swift; path = Timer_testUITests.swift; sourceTree = "<group>"; };
		AD6BA9B32957FF4000415270 /* Timer_testUITestsLaunchTests.swift */ = {isa = PBXFileReference; lastKnownFileType = sourcecode.swift; path = Timer_testUITestsLaunchTests.swift; sourceTree = "<group>"; };
/* End PBXFileReference section */

/* Begin PBXFrameworksBuildPhase section */
		AD6BA9902957FF4000415270 /* Frameworks */ = {
			isa = PBXFrameworksBuildPhase;
			buildActionMask = 2147483647;
			files = (
			);
			runOnlyForDeploymentPostprocessing = 0;
		};
		AD6BA9A02957FF4000415270 /* Frameworks */ = {
			isa = PBXFrameworksBuildPhase;
			buildActionMask = 2147483647;
			files = (
			);
			runOnlyForDeploymentPostprocessing = 0;
		};
		AD6BA9AA2957FF4000415270 /* Frameworks */ = {
			isa = PBXFrameworksBuildPhase;
			buildActionMask = 2147483647;
			files = (
			);
			runOnlyForDeploymentPostprocessing = 0;
		};
/* End PBXFrameworksBuildPhase section */

/* Begin PBXGroup section */
		AD6BA98A2957FF4000415270 = {
			isa = PBXGroup;
			children = (
				AD6BA9952957FF4000415270 /* Timer_test */,
				AD6BA9A62957FF4000415270 /* Timer_testTests */,
				AD6BA9B02957FF4000415270 /* Timer_testUITests */,
				AD6BA9942957FF4000415270 /* Products */,
			);
			sourceTree = "<group>";
		};
		AD6BA9942957FF4000415270 /* Products */ = {
			isa = PBXGroup;
			children = (
				AD6BA9932957FF4000415270 /* Timer_test.app */,
				AD6BA9A32957FF4000415270 /* Timer_testTests.xctest */,
				AD6BA9AD2957FF4000415270 /* Timer_testUITests.xctest */,
			);
			name = Products;
			sourceTree = "<group>";
		};
		AD6BA9952957FF4000415270 /* Timer_test */ = {
			isa = PBXGroup;
			children = (
				AD6BA9962957FF4000415270 /* Timer_testApp.swift */,
				AD6BA9982957FF4000415270 /* ContentView.swift */,
				AD6BA99A2957FF4000415270 /* Assets.xcassets */,
				AD6BA99C2957FF4000415270 /* Preview Content */,
			);
			path = Timer_test;
			sourceTree = "<group>";
		};
		AD6BA99C2957FF4000415270 /* Preview Content */ = {
			isa = PBXGroup;
			children = (
				AD6BA99D2957FF4000415270 /* Preview Assets.xcassets */,
			);
			path = "Preview Content";
			sourceTree = "<group>";
		};
		AD6BA9A62957FF4000415270 /* Timer_testTests */ = {
			isa = PBXGroup;
			children = (
				AD6BA9A72957FF4000415270 /* Timer_testTests.swift */,
			);
			path = Timer_testTests;
			sourceTree = "<group>";
		};
		AD6BA9B02957FF4000415270 /* Timer_testUITests */ = {
			isa = PBXGroup;
			children = (
				AD6BA9B12957FF4000415270 /* Timer_testUITests.swift */,
				AD6BA9B32957FF4000415270 /* Timer_testUITestsLaunchTests.swift */,
			);
			path = Timer_testUITests;
			sourceTree = "<group>";
		};
/* End PBXGroup section */

/* Begin PBXNativeTarget section */
		AD6BA9922957FF4000415270 /* Timer_test */ = {
			isa = PBXNativeTarget;
			buildConfigurationList = AD6BA9B72957FF4000415270 /* Build configuration list for PBXNativeTarget "Timer_test" */;
			buildPhases = (
				AD6BA98F2957FF4000415270 /* Sources */,
				AD6BA9902957FF4000415270 /* Frameworks */,
				AD6BA9912957FF4000415270 /* Resources */,
			);
			buildRules = (
			);
			dependencies = (
			);
			name = Timer_test;
			productName = Timer_test;
			productReference = AD6BA9932957FF4000415270 /* Timer_test.app */;
			productType = "com.apple.product-type.application";
		};
		AD6BA9A22957FF4000415270 /* Timer_testTests */ = {
			isa = PBXNativeTarget;
			buildConfigurationList = AD6BA9BA2957FF4000415270 /* Build configuration list for PBXNativeTarget "Timer_testTests" */;
			buildPhases = (
				AD6BA99F2957FF4000415270 /* Sources */,
				AD6BA9A02957FF4000415270 /* Frameworks */,
				AD6BA9A12957FF4000415270 /* Resources */,
			);
			buildRules = (
			);
			dependencies = (
				AD6BA9A52957FF4000415270 /* PBXTargetDependency */,
			);
			name = Timer_testTests;
			productName = Timer_testTests;
			productReference = AD6BA9A32957FF4000415270 /* Timer_testTests.xctest */;
			productType = "com.apple.product-type.bundle.unit-test";
		};
		AD6BA9AC2957FF4000415270 /* Timer_testUITests */ = {
			isa = PBXNativeTarget;
			buildConfigurationList = AD6BA9BD2957FF4000415270 /* Build configuration list for PBXNativeTarget "Timer_testUITests" */;
			buildPhases = (
				AD6BA9A92957FF4000415270 /* Sources */,
				AD6BA9AA2957FF4000415270 /* Frameworks */,
				AD6BA9AB2957FF4000415270 /* Resources */,
			);
			buildRules = (
			);
			dependencies = (
				AD6BA9AF2957FF4000415270 /* PBXTargetDependency */,
			);
			name = Timer_testUITests;
			productName = Timer_testUITests;
			productReference = AD6BA9AD2957FF4000415270 /* Timer_testUITests.xctest */;
			productType = "com.apple.product-type.bundle.ui-testing";
		};
/* End PBXNativeTarget section */

/* Begin PBXProject section */
		AD6BA98B2957FF4000415270 /* Project object */ = {
			isa = PBXProject;
			attributes = {
				BuildIndependentTargetsInParallel = 1;
				LastSwiftUpdateCheck = 1420;
				LastUpgradeCheck = 1420;
				TargetAttributes = {
					AD6BA9922957FF4000415270 = {
						CreatedOnToolsVersion = 14.2;
					};
					AD6BA9A22957FF4000415270 = {
						CreatedOnToolsVersion = 14.2;
						TestTargetID = AD6BA9922957FF4000415270;
					};
					AD6BA9AC2957FF4000415270 = {
						CreatedOnToolsVersion = 14.2;
						TestTargetID = AD6BA9922957FF4000415270;
					};
				};
			};
			buildConfigurationList = AD6BA98E2957FF4000415270 /* Build configuration list for PBXProject "Timer_test" */;
			compatibilityVersion = "Xcode 14.0";
			developmentRegion = en;
			hasScannedForEncodings = 0;
			knownRegions = (
				en,
				Base,
			);
			mainGroup = AD6BA98A2957FF4000415270;
			productRefGroup = AD6BA9942957FF4000415270 /* Products */;
			projectDirPath = "";
			projectRoot = "";
			targets = (
				AD6BA9922957FF4000415270 /* Timer_test */,
				AD6BA9A22957FF4000415270 /* Timer_testTests */,
				AD6BA9AC2957FF4000415270 /* Timer_testUITests */,
			);
		};
/* End PBXProject section */

/* Begin PBXResourcesBuildPhase section */
		AD6BA9912957FF4000415270 /* Resources */ = {
			isa = PBXResourcesBuildPhase;
			buildActionMask = 2147483647;
			files = (
				AD6BA99E2957FF4000415270 /* Preview Assets.xcassets in Resources */,
				AD6BA99B2957FF4000415270 /* Assets.xcassets in Resources */,
			);
			runOnlyForDeploymentPostprocessing = 0;
		};
		AD6BA9A12957FF4000415270 /* Resources */ = {
			isa = PBXResourcesBuildPhase;
			buildActionMask = 2147483647;
			files = (
			);
			runOnlyForDeploymentPostprocessing = 0;
		};
		AD6BA9AB2957FF4000415270 /* Resources */ = {
			isa = PBXResourcesBuildPhase;
			buildActionMask = 2147483647;
			files = (
			);
			runOnlyForDeploymentPostprocessing = 0;
		};
/* End PBXResourcesBuildPhase section */

/* Begin PBXSourcesBuildPhase section */
		AD6BA98F2957FF4000415270 /* Sources */ = {
			isa = PBXSourcesBuildPhase;
			buildActionMask = 2147483647;
			files = (
				AD6BA9992957FF4000415270 /* ContentView.swift in Sources */,
				AD6BA9972957FF4000415270 /* Timer_testApp.swift in Sources */,
			);
			runOnlyForDeploymentPostprocessing = 0;
		};
		AD6BA99F2957FF4000415270 /* Sources */ = {
			isa = PBXSourcesBuildPhase;
			buildActionMask = 2147483647;
			files = (
				AD6BA9A82957FF4000415270 /* Timer_testTests.swift in Sources */,
			);
			runOnlyForDeploymentPostprocessing = 0;
		};
		AD6BA9A92957FF4000415270 /* Sources */ = {
			isa = PBXSourcesBuildPhase;
			buildActionMask = 2147483647;
			files = (
				AD6BA9B42957FF4000415270 /* Timer_testUITestsLaunchTests.swift in Sources */,
				AD6BA9B22957FF4000415270 /* Timer_testUITests.swift in Sources */,
			);
			runOnlyForDeploymentPostprocessing = 0;
		};
/* End PBXSourcesBuildPhase section */

/* Begin PBXTargetDependency section */
		AD6BA9A52957FF4000415270 /* PBXTargetDependency */ = {
			isa = PBXTargetDependency;
			target = AD6BA9922957FF4000415270 /* Timer_test */;
			targetProxy = AD6BA9A42957FF4000415270 /* PBXContainerItemProxy */;
		};
		AD6BA9AF2957FF4000415270 /* PBXTargetDependency */ = {
			isa = PBXTargetDependency;
			target = AD6BA9922957FF4000415270 /* Timer_test */;
			targetProxy = AD6BA9AE2957FF4000415270 /* PBXContainerItemProxy */;
		};
/* End PBXTargetDependency section */

/* Begin XCBuildConfiguration section */
		AD6BA9B52957FF4000415270 /* Debug */ = {
			isa = XCBuildConfiguration;
			buildSettings = {
				ALWAYS_SEARCH_USER_PATHS = NO;
				CLANG_ANALYZER_NONNULL = YES;
				CLANG_ANALYZER_NUMBER_OBJECT_CONVERSION = YES_AGGRESSIVE;
				CLANG_CXX_LANGUAGE_STANDARD = "gnu++20";
				CLANG_ENABLE_MODULES = YES;
				CLANG_ENABLE_OBJC_ARC = YES;
				CLANG_ENABLE_OBJC_WEAK = YES;
				CLANG_WARN_BLOCK_CAPTURE_AUTORELEASING = YES;
				CLANG_WARN_BOOL_CONVERSION = YES;
				CLANG_WARN_COMMA = YES;
				CLANG_WARN_CONSTANT_CONVERSION = YES;
				CLANG_WARN_DEPRECATED_OBJC_IMPLEMENTATIONS = YES;
				CLANG_WARN_DIRECT_OBJC_ISA_USAGE = YES_ERROR;
				CLANG_WARN_DOCUMENTATION_COMMENTS = YES;
				CLANG_WARN_EMPTY_BODY = YES;
				CLANG_WARN_ENUM_CONVERSION = YES;
				CLANG_WARN_INFINITE_RECURSION = YES;
				CLANG_WARN_INT_CONVERSION = YES;
				CLANG_WARN_NON_LITERAL_NULL_CONVERSION = YES;
				CLANG_WARN_OBJC_IMPLICIT_RETAIN_SELF = YES;
				CLANG_WARN_OBJC_LITERAL_CONVERSION = YES;
				CLANG_WARN_OBJC_ROOT_CLASS = YES_ERROR;
				CLANG_WARN_QUOTED_INCLUDE_IN_FRAMEWORK_HEADER = YES;
				CLANG_WARN_RANGE_LOOP_ANALYSIS = YES;
				CLANG_WARN_STRICT_PROTOTYPES = YES;
				CLANG_WARN_SUSPICIOUS_MOVE = YES;
				CLANG_WARN_UNGUARDED_AVAILABILITY = YES_AGGRESSIVE;
				CLANG_WARN_UNREACHABLE_CODE = YES;
				CLANG_WARN__DUPLICATE_METHOD_MATCH = YES;
				COPY_PHASE_STRIP = NO;
				DEBUG_INFORMATION_FORMAT = dwarf;
				ENABLE_STRICT_OBJC_MSGSEND = YES;
				ENABLE_TESTABILITY = YES;
				GCC_C_LANGUAGE_STANDARD = gnu11;
				GCC_DYNAMIC_NO_PIC = NO;
				GCC_NO_COMMON_BLOCKS = YES;
				GCC_OPTIMIZATION_LEVEL = 0;
				GCC_PREPROCESSOR_DEFINITIONS = (
					"DEBUG=1",
					"$(inherited)",
				);
				GCC_WARN_64_TO_32_BIT_CONVERSION = YES;
				GCC_WARN_ABOUT_RETURN_TYPE = YES_ERROR;
				GCC_WARN_UNDECLARED_SELECTOR = YES;
				GCC_WARN_UNINITIALIZED_AUTOS = YES_AGGRESSIVE;
				GCC_WARN_UNUSED_FUNCTION = YES;
				GCC_WARN_UNUSED_VARIABLE = YES;
				IPHONEOS_DEPLOYMENT_TARGET = 16.2;
				MTL_ENABLE_DEBUG_INFO = INCLUDE_SOURCE;
				MTL_FAST_MATH = YES;
				ONLY_ACTIVE_ARCH = YES;
				SDKROOT = iphoneos;
				SWIFT_ACTIVE_COMPILATION_CONDITIONS = DEBUG;
				SWIFT_OPTIMIZATION_LEVEL = "-Onone";
			};
			name = Debug;
		};
		AD6BA9B62957FF4000415270 /* Release */ = {
			isa = XCBuildConfiguration;
			buildSettings = {
				ALWAYS_SEARCH_USER_PATHS = NO;
				CLANG_ANALYZER_NONNULL = YES;
				CLANG_ANALYZER_NUMBER_OBJECT_CONVERSION = YES_AGGRESSIVE;
				CLANG_CXX_LANGUAGE_STANDARD = "gnu++20";
				CLANG_ENABLE_MODULES = YES;
				CLANG_ENABLE_OBJC_ARC = YES;
				CLANG_ENABLE_OBJC_WEAK = YES;
				CLANG_WARN_BLOCK_CAPTURE_AUTORELEASING = YES;
				CLANG_WARN_BOOL_CONVERSION = YES;
				CLANG_WARN_COMMA = YES;
				CLANG_WARN_CONSTANT_CONVERSION = YES;
				CLANG_WARN_DEPRECATED_OBJC_IMPLEMENTATIONS = YES;
				CLANG_WARN_DIRECT_OBJC_ISA_USAGE = YES_ERROR;
				CLANG_WARN_DOCUMENTATION_COMMENTS = YES;
				CLANG_WARN_EMPTY_BODY = YES;
				CLANG_WARN_ENUM_CONVERSION = YES;
				CLANG_WARN_INFINITE_RECURSION = YES;
				CLANG_WARN_INT_CONVERSION = YES;
				CLANG_WARN_NON_LITERAL_NULL_CONVERSION = YES;
				CLANG_WARN_OBJC_IMPLICIT_RETAIN_SELF = YES;
				CLANG_WARN_OBJC_LITERAL_CONVERSION = YES;
				CLANG_WARN_OBJC_ROOT_CLASS = YES_ERROR;
				CLANG_WARN_QUOTED_INCLUDE_IN_FRAMEWORK_HEADER = YES;
				CLANG_WARN_RANGE_LOOP_ANALYSIS = YES;
				CLANG_WARN_STRICT_PROTOTYPES = YES;
				CLANG_WARN_SUSPICIOUS_MOVE = YES;
				CLANG_WARN_UNGUARDED_AVAILABILITY = YES_AGGRESSIVE;
				CLANG_WARN_UNREACHABLE_CODE = YES;
				CLANG_WARN__DUPLICATE_METHOD_MATCH = YES;
				COPY_PHASE_STRIP = NO;
				DEBUG_INFORMATION_FORMAT = "dwarf-with-dsym";
				ENABLE_NS_ASSERTIONS = NO;
				ENABLE_STRICT_OBJC_MSGSEND = YES;
				GCC_C_LANGUAGE_STANDARD = gnu11;
				GCC_NO_COMMON_BLOCKS = YES;
				GCC_WARN_64_TO_32_BIT_CONVERSION = YES;
				GCC_WARN_ABOUT_RETURN_TYPE = YES_ERROR;
				GCC_WARN_UNDECLARED_SELECTOR = YES;
				GCC_WARN_UNINITIALIZED_AUTOS = YES_AGGRESSIVE;
				GCC_WARN_UNUSED_FUNCTION = YES;
				GCC_WARN_UNUSED_VARIABLE = YES;
				IPHONEOS_DEPLOYMENT_TARGET = 16.2;
				MTL_ENABLE_DEBUG_INFO = NO;
				MTL_FAST_MATH = YES;
				SDKROOT = iphoneos;
				SWIFT_COMPILATION_MODE = wholemodule;
				SWIFT_OPTIMIZATION_LEVEL = "-O";
				VALIDATE_PRODUCT = YES;
			};
			name = Release;
		};
		AD6BA9B82957FF4000415270 /* Debug */ = {
			isa = XCBuildConfiguration;
			buildSettings = {
				ASSETCATALOG_COMPILER_APPICON_NAME = AppIcon;
				ASSETCATALOG_COMPILER_GLOBAL_ACCENT_COLOR_NAME = AccentColor;
				CODE_SIGN_STYLE = Automatic;
				CURRENT_PROJECT_VERSION = 1;
				DEVELOPMENT_ASSET_PATHS = "\"Timer_test/Preview Content\"";
				ENABLE_PREVIEWS = YES;
				GENERATE_INFOPLIST_FILE = YES;
				INFOPLIST_KEY_UIApplicationSceneManifest_Generation = YES;
				INFOPLIST_KEY_UIApplicationSupportsIndirectInputEvents = YES;
				INFOPLIST_KEY_UILaunchScreen_Generation = YES;
				INFOPLIST_KEY_UISupportedInterfaceOrientations_iPad = "UIInterfaceOrientationPortrait UIInterfaceOrientationPortraitUpsideDown UIInterfaceOrientationLandscapeLeft UIInterfaceOrientationLandscapeRight";
				INFOPLIST_KEY_UISupportedInterfaceOrientations_iPhone = "UIInterfaceOrientationPortrait UIInterfaceOrientationLandscapeLeft UIInterfaceOrientationLandscapeRight";
				LD_RUNPATH_SEARCH_PATHS = (
					"$(inherited)",
					"@executable_path/Frameworks",
				);
				MARKETING_VERSION = 1.0;
				PRODUCT_BUNDLE_IDENTIFIER = "SailingCo.Timer-test";
				PRODUCT_NAME = "$(TARGET_NAME)";
				SWIFT_EMIT_LOC_STRINGS = YES;
				SWIFT_VERSION = 5.0;
				TARGETED_DEVICE_FAMILY = "1,2";
			};
			name = Debug;
		};
		AD6BA9B92957FF4000415270 /* Release */ = {
			isa = XCBuildConfiguration;
			buildSettings = {
				ASSETCATALOG_COMPILER_APPICON_NAME = AppIcon;
				ASSETCATALOG_COMPILER_GLOBAL_ACCENT_COLOR_NAME = AccentColor;
				CODE_SIGN_STYLE = Automatic;
				CURRENT_PROJECT_VERSION = 1;
				DEVELOPMENT_ASSET_PATHS = "\"Timer_test/Preview Content\"";
				ENABLE_PREVIEWS = YES;
				GENERATE_INFOPLIST_FILE = YES;
				INFOPLIST_KEY_UIApplicationSceneManifest_Generation = YES;
				INFOPLIST_KEY_UIApplicationSupportsIndirectInputEvents = YES;
				INFOPLIST_KEY_UILaunchScreen_Generation = YES;
				INFOPLIST_KEY_UISupportedInterfaceOrientations_iPad = "UIInterfaceOrientationPortrait UIInterfaceOrientationPortraitUpsideDown UIInterfaceOrientationLandscapeLeft UIInterfaceOrientationLandscapeRight";
				INFOPLIST_KEY_UISupportedInterfaceOrientations_iPhone = "UIInterfaceOrientationPortrait UIInterfaceOrientationLandscapeLeft UIInterfaceOrientationLandscapeRight";
				LD_RUNPATH_SEARCH_PATHS = (
					"$(inherited)",
					"@executable_path/Frameworks",
				);
				MARKETING_VERSION = 1.0;
				PRODUCT_BUNDLE_IDENTIFIER = "SailingCo.Timer-test";
				PRODUCT_NAME = "$(TARGET_NAME)";
				SWIFT_EMIT_LOC_STRINGS = YES;
				SWIFT_VERSION = 5.0;
				TARGETED_DEVICE_FAMILY = "1,2";
			};
			name = Release;
		};
		AD6BA9BB2957FF4000415270 /* Debug */ = {
			isa = XCBuildConfiguration;
			buildSettings = {
				ALWAYS_EMBED_SWIFT_STANDARD_LIBRARIES = YES;
				BUNDLE_LOADER = "$(TEST_HOST)";
				CODE_SIGN_STYLE = Automatic;
				CURRENT_PROJECT_VERSION = 1;
				GENERATE_INFOPLIST_FILE = YES;
				IPHONEOS_DEPLOYMENT_TARGET = 16.2;
				MARKETING_VERSION = 1.0;
				PRODUCT_BUNDLE_IDENTIFIER = "SailingCo.Timer-testTests";
				PRODUCT_NAME = "$(TARGET_NAME)";
				SWIFT_EMIT_LOC_STRINGS = NO;
				SWIFT_VERSION = 5.0;
				TARGETED_DEVICE_FAMILY = "1,2";
				TEST_HOST = "$(BUILT_PRODUCTS_DIR)/Timer_test.app/$(BUNDLE_EXECUTABLE_FOLDER_PATH)/Timer_test";
			};
			name = Debug;
		};
		AD6BA9BC2957FF4000415270 /* Release */ = {
			isa = XCBuildConfiguration;
			buildSettings = {
				ALWAYS_EMBED_SWIFT_STANDARD_LIBRARIES = YES;
				BUNDLE_LOADER = "$(TEST_HOST)";
				CODE_SIGN_STYLE = Automatic;
				CURRENT_PROJECT_VERSION = 1;
				GENERATE_INFOPLIST_FILE = YES;
				IPHONEOS_DEPLOYMENT_TARGET = 16.2;
				MARKETING_VERSION = 1.0;
				PRODUCT_BUNDLE_IDENTIFIER = "SailingCo.Timer-testTests";
				PRODUCT_NAME = "$(TARGET_NAME)";
				SWIFT_EMIT_LOC_STRINGS = NO;
				SWIFT_VERSION = 5.0;
				TARGETED_DEVICE_FAMILY = "1,2";
				TEST_HOST = "$(BUILT_PRODUCTS_DIR)/Timer_test.app/$(BUNDLE_EXECUTABLE_FOLDER_PATH)/Timer_test";
			};
			name = Release;
		};
		AD6BA9BE2957FF4000415270 /* Debug */ = {
			isa = XCBuildConfiguration;
			buildSettings = {
				ALWAYS_EMBED_SWIFT_STANDARD_LIBRARIES = YES;
				CODE_SIGN_STYLE = Automatic;
				CURRENT_PROJECT_VERSION = 1;
				GENERATE_INFOPLIST_FILE = YES;
				MARKETING_VERSION = 1.0;
				PRODUCT_BUNDLE_IDENTIFIER = "SailingCo.Timer-testUITests";
				PRODUCT_NAME = "$(TARGET_NAME)";
				SWIFT_EMIT_LOC_STRINGS = NO;
				SWIFT_VERSION = 5.0;
				TARGETED_DEVICE_FAMILY = "1,2";
				TEST_TARGET_NAME = Timer_test;
			};
			name = Debug;
		};
		AD6BA9BF2957FF4000415270 /* Release */ = {
			isa = XCBuildConfiguration;
			buildSettings = {
				ALWAYS_EMBED_SWIFT_STANDARD_LIBRARIES = YES;
				CODE_SIGN_STYLE = Automatic;
				CURRENT_PROJECT_VERSION = 1;
				GENERATE_INFOPLIST_FILE = YES;
				MARKETING_VERSION = 1.0;
				PRODUCT_BUNDLE_IDENTIFIER = "SailingCo.Timer-testUITests";
				PRODUCT_NAME = "$(TARGET_NAME)";
				SWIFT_EMIT_LOC_STRINGS = NO;
				SWIFT_VERSION = 5.0;
				TARGETED_DEVICE_FAMILY = "1,2";
				TEST_TARGET_NAME = Timer_test;
			};
			name = Release;
		};
/* End XCBuildConfiguration section */

/* Begin XCConfigurationList section */
		AD6BA98E2957FF4000415270 /* Build configuration list for PBXProject "Timer_test" */ = {
			isa = XCConfigurationList;
			buildConfigurations = (
				AD6BA9B52957FF4000415270 /* Debug */,
				AD6BA9B62957FF4000415270 /* Release */,
			);
			defaultConfigurationIsVisible = 0;
			defaultConfigurationName = Release;
		};
		AD6BA9B72957FF4000415270 /* Build configuration list for PBXNativeTarget "Timer_test" */ = {
			isa = XCConfigurationList;
			buildConfigurations = (
				AD6BA9B82957FF4000415270 /* Debug */,
				AD6BA9B92957FF4000415270 /* Release */,
			);
			defaultConfigurationIsVisible = 0;
			defaultConfigurationName = Release;
		};
		AD6BA9BA2957FF4000415270 /* Build configuration list for PBXNativeTarget "Timer_testTests" */ = {
			isa = XCConfigurationList;
			buildConfigurations = (
				AD6BA9BB2957FF4000415270 /* Debug */,
				AD6BA9BC2957FF4000415270 /* Release */,
			);
			defaultConfigurationIsVisible = 0;
			defaultConfigurationName = Release;
		};
		AD6BA9BD2957FF4000415270 /* Build configuration list for PBXNativeTarget "Timer_testUITests" */ = {
			isa = XCConfigurationList;
			buildConfigurations = (
				AD6BA9BE2957FF4000415270 /* Debug */,
				AD6BA9BF2957FF4000415270 /* Release */,
			);
			defaultConfigurationIsVisible = 0;
			defaultConfigurationName = Release;
		};
/* End XCConfigurationList section */
	};
	rootObject = AD6BA98B2957FF4000415270 /* Project object */;
}
